// !$*UTF8*$!
{
	archiveVersion = 1;
	classes = {
	};
	objectVersion = 46;
	objects = {

/* Begin PBXBuildFile section */
		7A1D7E4B1C09FDF8002C2D35 /* AppDelegate.swift in Sources */ = {isa = PBXBuildFile; fileRef = 7A1D7E4A1C09FDF8002C2D35 /* AppDelegate.swift */; };
		7A1D7E4D1C09FDF8002C2D35 /* CollectionViewController.swift in Sources */ = {isa = PBXBuildFile; fileRef = 7A1D7E4C1C09FDF8002C2D35 /* CollectionViewController.swift */; };
		7A1D7E501C09FDF8002C2D35 /* Main.storyboard in Resources */ = {isa = PBXBuildFile; fileRef = 7A1D7E4E1C09FDF8002C2D35 /* Main.storyboard */; };
		7A1D7E521C09FDF8002C2D35 /* Assets.xcassets in Resources */ = {isa = PBXBuildFile; fileRef = 7A1D7E511C09FDF8002C2D35 /* Assets.xcassets */; };
		7A1D7E551C09FDF8002C2D35 /* LaunchScreen.storyboard in Resources */ = {isa = PBXBuildFile; fileRef = 7A1D7E531C09FDF8002C2D35 /* LaunchScreen.storyboard */; };
		7A1D7E5D1C0A0612002C2D35 /* CollectionViewCell.xib in Resources */ = {isa = PBXBuildFile; fileRef = 7A1D7E5C1C0A0612002C2D35 /* CollectionViewCell.xib */; };
		7A1D7E5F1C0A08ED002C2D35 /* CollectionViewCell.swift in Sources */ = {isa = PBXBuildFile; fileRef = 7A1D7E5E1C0A08ED002C2D35 /* CollectionViewCell.swift */; };
		7A1D7E631C0B4D7C002C2D35 /* CollectionViewFlowLayout.swift in Sources */ = {isa = PBXBuildFile; fileRef = 7A1D7E621C0B4D7C002C2D35 /* CollectionViewFlowLayout.swift */; };
/* End PBXBuildFile section */

/* Begin PBXFileReference section */
		7A1D7E471C09FDF8002C2D35 /* CollectionViewController.app */ = {isa = PBXFileReference; explicitFileType = wrapper.application; includeInIndex = 0; path = CollectionViewController.app; sourceTree = BUILT_PRODUCTS_DIR; };
		7A1D7E4A1C09FDF8002C2D35 /* AppDelegate.swift */ = {isa = PBXFileReference; lastKnownFileType = sourcecode.swift; path = AppDelegate.swift; sourceTree = "<group>"; };
		7A1D7E4C1C09FDF8002C2D35 /* CollectionViewController.swift */ = {isa = PBXFileReference; lastKnownFileType = sourcecode.swift; path = CollectionViewController.swift; sourceTree = "<group>"; };
		7A1D7E4F1C09FDF8002C2D35 /* Base */ = {isa = PBXFileReference; lastKnownFileType = file.storyboard; name = Base; path = Base.lproj/Main.storyboard; sourceTree = "<group>"; };
		7A1D7E511C09FDF8002C2D35 /* Assets.xcassets */ = {isa = PBXFileReference; lastKnownFileType = folder.assetcatalog; path = Assets.xcassets; sourceTree = "<group>"; };
		7A1D7E541C09FDF8002C2D35 /* Base */ = {isa = PBXFileReference; lastKnownFileType = file.storyboard; name = Base; path = Base.lproj/LaunchScreen.storyboard; sourceTree = "<group>"; };
		7A1D7E561C09FDF8002C2D35 /* Info.plist */ = {isa = PBXFileReference; lastKnownFileType = text.plist.xml; path = Info.plist; sourceTree = "<group>"; };
		7A1D7E5C1C0A0612002C2D35 /* CollectionViewCell.xib */ = {isa = PBXFileReference; fileEncoding = 4; lastKnownFileType = file.xib; path = CollectionViewCell.xib; sourceTree = "<group>"; };
		7A1D7E5E1C0A08ED002C2D35 /* CollectionViewCell.swift */ = {isa = PBXFileReference; fileEncoding = 4; lastKnownFileType = sourcecode.swift; path = CollectionViewCell.swift; sourceTree = "<group>"; };
		7A1D7E621C0B4D7C002C2D35 /* CollectionViewFlowLayout.swift */ = {isa = PBXFileReference; fileEncoding = 4; lastKnownFileType = sourcecode.swift; path = CollectionViewFlowLayout.swift; sourceTree = "<group>"; };
/* End PBXFileReference section */

/* Begin PBXFrameworksBuildPhase section */
		7A1D7E441C09FDF8002C2D35 /* Frameworks */ = {
			isa = PBXFrameworksBuildPhase;
			buildActionMask = 2147483647;
			files = (
			);
			runOnlyForDeploymentPostprocessing = 0;
		};
/* End PBXFrameworksBuildPhase section */

/* Begin PBXGroup section */
		7A1D7E3E1C09FDF8002C2D35 = {
			isa = PBXGroup;
			children = (
				7A1D7E491C09FDF8002C2D35 /* CollectionViewController */,
				7A1D7E481C09FDF8002C2D35 /* Products */,
			);
			sourceTree = "<group>";
		};
		7A1D7E481C09FDF8002C2D35 /* Products */ = {
			isa = PBXGroup;
			children = (
				7A1D7E471C09FDF8002C2D35 /* CollectionViewController.app */,
			);
			name = Products;
			sourceTree = "<group>";
		};
		7A1D7E491C09FDF8002C2D35 /* CollectionViewController */ = {
			isa = PBXGroup;
			children = (
				7A1D7E4A1C09FDF8002C2D35 /* AppDelegate.swift */,
				7A1D7E4C1C09FDF8002C2D35 /* CollectionViewController.swift */,
				7A1D7E621C0B4D7C002C2D35 /* CollectionViewFlowLayout.swift */,
				7A1D7E4E1C09FDF8002C2D35 /* Main.storyboard */,
				7A1D7E5C1C0A0612002C2D35 /* CollectionViewCell.xib */,
				7A1D7E5E1C0A08ED002C2D35 /* CollectionViewCell.swift */,
				7A1D7E511C09FDF8002C2D35 /* Assets.xcassets */,
				7A1D7E531C09FDF8002C2D35 /* LaunchScreen.storyboard */,
				7A1D7E561C09FDF8002C2D35 /* Info.plist */,
			);
			path = CollectionViewController;
			sourceTree = "<group>";
		};
/* End PBXGroup section */

/* Begin PBXNativeTarget section */
		7A1D7E461C09FDF8002C2D35 /* CollectionViewController */ = {
			isa = PBXNativeTarget;
			buildConfigurationList = 7A1D7E591C09FDF8002C2D35 /* Build configuration list for PBXNativeTarget "CollectionViewController" */;
			buildPhases = (
				7A1D7E431C09FDF8002C2D35 /* Sources */,
				7A1D7E441C09FDF8002C2D35 /* Frameworks */,
				7A1D7E451C09FDF8002C2D35 /* Resources */,
			);
			buildRules = (
			);
			dependencies = (
			);
			name = CollectionViewController;
			productName = CollectionViewController;
			productReference = 7A1D7E471C09FDF8002C2D35 /* CollectionViewController.app */;
			productType = "com.apple.product-type.application";
		};
/* End PBXNativeTarget section */

/* Begin PBXProject section */
		7A1D7E3F1C09FDF8002C2D35 /* Project object */ = {
			isa = PBXProject;
			attributes = {
				LastSwiftUpdateCheck = 0710;
				LastUpgradeCheck = 0710;
				ORGANIZATIONNAME = "胡雨阳";
				TargetAttributes = {
					7A1D7E461C09FDF8002C2D35 = {
						CreatedOnToolsVersion = 7.1.1;
						DevelopmentTeam = NRWN39BHMN;
					};
				};
			};
			buildConfigurationList = 7A1D7E421C09FDF8002C2D35 /* Build configuration list for PBXProject "CollectionViewController" */;
			compatibilityVersion = "Xcode 3.2";
			developmentRegion = English;
			hasScannedForEncodings = 0;
			knownRegions = (
				en,
				Base,
			);
			mainGroup = 7A1D7E3E1C09FDF8002C2D35;
			productRefGroup = 7A1D7E481C09FDF8002C2D35 /* Products */;
			projectDirPath = "";
			projectRoot = "";
			targets = (
				7A1D7E461C09FDF8002C2D35 /* CollectionViewController */,
			);
		};
/* End PBXProject section */

/* Begin PBXResourcesBuildPhase section */
		7A1D7E451C09FDF8002C2D35 /* Resources */ = {
			isa = PBXResourcesBuildPhase;
			buildActionMask = 2147483647;
			files = (
				7A1D7E551C09FDF8002C2D35 /* LaunchScreen.storyboard in Resources */,
				7A1D7E521C09FDF8002C2D35 /* Assets.xcassets in Resources */,
				7A1D7E5D1C0A0612002C2D35 /* CollectionViewCell.xib in Resources */,
				7A1D7E501C09FDF8002C2D35 /* Main.storyboard in Resources */,
			);
			runOnlyForDeploymentPostprocessing = 0;
		};
/* End PBXResourcesBuildPhase section */

/* Begin PBXSourcesBuildPhase section */
		7A1D7E431C09FDF8002C2D35 /* Sources */ = {
			isa = PBXSourcesBuildPhase;
			buildActionMask = 2147483647;
			files = (
				7A1D7E4D1C09FDF8002C2D35 /* CollectionViewController.swift in Sources */,
				7A1D7E4B1C09FDF8002C2D35 /* AppDelegate.swift in Sources */,
				7A1D7E631C0B4D7C002C2D35 /* CollectionViewFlowLayout.swift in Sources */,
				7A1D7E5F1C0A08ED002C2D35 /* CollectionViewCell.swift in Sources */,
			);
			runOnlyForDeploymentPostprocessing = 0;
		};
/* End PBXSourcesBuildPhase section */

/* Begin PBXVariantGroup section */
		7A1D7E4E1C09FDF8002C2D35 /* Main.storyboard */ = {
			isa = PBXVariantGroup;
			children = (
				7A1D7E4F1C09FDF8002C2D35 /* Base */,
			);
			name = Main.storyboard;
			sourceTree = "<group>";
		};
		7A1D7E531C09FDF8002C2D35 /* LaunchScreen.storyboard */ = {
			isa = PBXVariantGroup;
			children = (
				7A1D7E541C09FDF8002C2D35 /* Base */,
			);
			name = LaunchScreen.storyboard;
			sourceTree = "<group>";
		};
/* End PBXVariantGroup section */

/* Begin XCBuildConfiguration section */
		7A1D7E571C09FDF8002C2D35 /* Debug */ = {
			isa = XCBuildConfiguration;
			buildSettings = {
				ALWAYS_SEARCH_USER_PATHS = NO;
				CLANG_CXX_LANGUAGE_STANDARD = "gnu++0x";
				CLANG_CXX_LIBRARY = "libc++";
				CLANG_ENABLE_MODULES = YES;
				CLANG_ENABLE_OBJC_ARC = YES;
				CLANG_WARN_BOOL_CONVERSION = YES;
				CLANG_WARN_CONSTANT_CONVERSION = YES;
				CLANG_WARN_DIRECT_OBJC_ISA_USAGE = YES_ERROR;
				CLANG_WARN_EMPTY_BODY = YES;
				CLANG_WARN_ENUM_CONVERSION = YES;
				CLANG_WARN_INT_CONVERSION = YES;
				CLANG_WARN_OBJC_ROOT_CLASS = YES_ERROR;
				CLANG_WARN_UNREACHABLE_CODE = YES;
				CLANG_WARN__DUPLICATE_METHOD_MATCH = YES;
				"CODE_SIGN_IDENTITY[sdk=iphoneos*]" = "iPhone Developer";
				COPY_PHASE_STRIP = NO;
				DEBUG_INFORMATION_FORMAT = dwarf;
				ENABLE_STRICT_OBJC_MSGSEND = YES;
				ENABLE_TESTABILITY = YES;
				GCC_C_LANGUAGE_STANDARD = gnu99;
				GCC_DYNAMIC_NO_PIC = NO;
				GCC_NO_COMMON_BLOCKS = YES;
				GCC_OPTIMIZATION_LEVEL = 0;
				GCC_PREPROCESSOR_DEFINITIONS = (
					"DEBUG=1",
					"$(inherited)",
				);
				GCC_WARN_64_TO_32_BIT_CONVERSION = YES;
				GCC_WARN_ABOUT_RETURN_TYPE = YES_ERROR;
				GCC_WARN_UNDECLARED_SELECTOR = YES;
				GCC_WARN_UNINITIALIZED_AUTOS = YES_AGGRESSIVE;
				GCC_WARN_UNUSED_FUNCTION = YES;
				GCC_WARN_UNUSED_VARIABLE = YES;
				IPHONEOS_DEPLOYMENT_TARGET = 9.1;
				MTL_ENABLE_DEBUG_INFO = YES;
				ONLY_ACTIVE_ARCH = YES;
				SDKROOT = iphoneos;
				SWIFT_OPTIMIZATION_LEVEL = "-Onone";
			};
			name = Debug;
		};
		7A1D7E581C09FDF8002C2D35 /* Release */ = {
			isa = XCBuildConfiguration;
			buildSettings = {
				ALWAYS_SEARCH_USER_PATHS = NO;
				CLANG_CXX_LANGUAGE_STANDARD = "gnu++0x";
				CLANG_CXX_LIBRARY = "libc++";
				CLANG_ENABLE_MODULES = YES;
				CLANG_ENABLE_OBJC_ARC = YES;
				CLANG_WARN_BOOL_CONVERSION = YES;
				CLANG_WARN_CONSTANT_CONVERSION = YES;
				CLANG_WARN_DIRECT_OBJC_ISA_USAGE = YES_ERROR;
				CLANG_WARN_EMPTY_BODY = YES;
				CLANG_WARN_ENUM_CONVERSION = YES;
				CLANG_WARN_INT_CONVERSION = YES;
				CLANG_WARN_OBJC_ROOT_CLASS = YES_ERROR;
				CLANG_WARN_UNREACHABLE_CODE = YES;
				CLANG_WARN__DUPLICATE_METHOD_MATCH = YES;
				"CODE_SIGN_IDENTITY[sdk=iphoneos*]" = "iPhone Developer";
				COPY_PHASE_STRIP = NO;
				DEBUG_INFORMATION_FORMAT = "dwarf-with-dsym";
				ENABLE_NS_ASSERTIONS = NO;
				ENABLE_STRICT_OBJC_MSGSEND = YES;
				GCC_C_LANGUAGE_STANDARD = gnu99;
				GCC_NO_COMMON_BLOCKS = YES;
				GCC_WARN_64_TO_32_BIT_CONVERSION = YES;
				GCC_WARN_ABOUT_RETURN_TYPE = YES_ERROR;
				GCC_WARN_UNDECLARED_SELECTOR = YES;
				GCC_WARN_UNINITIALIZED_AUTOS = YES_AGGRESSIVE;
				GCC_WARN_UNUSED_FUNCTION = YES;
				GCC_WARN_UNUSED_VARIABLE = YES;
				IPHONEOS_DEPLOYMENT_TARGET = 9.1;
				MTL_ENABLE_DEBUG_INFO = NO;
				SDKROOT = iphoneos;
				VALIDATE_PRODUCT = YES;
			};
			name = Release;
		};
		7A1D7E5A1C09FDF8002C2D35 /* Debug */ = {
			isa = XCBuildConfiguration;
			buildSettings = {
				ASSETCATALOG_COMPILER_APPICON_NAME = AppIcon;
				INFOPLIST_FILE = CollectionViewController/Info.plist;
				LD_RUNPATH_SEARCH_PATHS = "$(inherited) @executable_path/Frameworks";
				PRODUCT_BUNDLE_IDENTIFIER = TAmbition.CollectionViewController;
				PRODUCT_NAME = "$(TARGET_NAME)";
			};
			name = Debug;
		};
		7A1D7E5B1C09FDF8002C2D35 /* Release */ = {
			isa = XCBuildConfiguration;
			buildSettings = {
				ASSETCATALOG_COMPILER_APPICON_NAME = AppIcon;
				INFOPLIST_FILE = CollectionViewController/Info.plist;
				LD_RUNPATH_SEARCH_PATHS = "$(inherited) @executable_path/Frameworks";
				PRODUCT_BUNDLE_IDENTIFIER = TAmbition.CollectionViewController;
				PRODUCT_NAME = "$(TARGET_NAME)";
			};
			name = Release;
		};
/* End XCBuildConfiguration section */

/* Begin XCConfigurationList section */
		7A1D7E421C09FDF8002C2D35 /* Build configuration list for PBXProject "CollectionViewController" */ = {
			isa = XCConfigurationList;
			buildConfigurations = (
				7A1D7E571C09FDF8002C2D35 /* Debug */,
				7A1D7E581C09FDF8002C2D35 /* Release */,
			);
			defaultConfigurationIsVisible = 0;
			defaultConfigurationName = Release;
		};
		7A1D7E591C09FDF8002C2D35 /* Build configuration list for PBXNativeTarget "CollectionViewController" */ = {
			isa = XCConfigurationList;
			buildConfigurations = (
				7A1D7E5A1C09FDF8002C2D35 /* Debug */,
				7A1D7E5B1C09FDF8002C2D35 /* Release */,
			);
			defaultConfigurationIsVisible = 0;
		};
/* End XCConfigurationList section */
	};
	rootObject = 7A1D7E3F1C09FDF8002C2D35 /* Project object */;
}
